
Microsoft Visual Studio Solution File, Format Version 12.00
# Visual Studio 2013
VisualStudioVersion = 12.0.31101.0
MinimumVisualStudioVersion = 10.0.40219.1
Project("{FAE04EC0-301F-11D3-BF4B-00C04F79EFBC}") = "OfflineFormer", "OfflineFormer\OfflineFormer.csproj", "{6EE5B23B-930B-4EBA-90C0-7902ABD33A8D}"
EndProject
Project("{2150E333-8FDC-42A3-9474-1A3956D46DE8}") = "PublishScripts", "PublishScripts", "{1EF02072-8CEA-46AC-AF2B-D5CCFE5BC5E9}"
	ProjectSection(SolutionItems) = preProject
		PublishScripts\AzureWebsitePublishModule.psm1 = PublishScripts\AzureWebsitePublishModule.psm1
		PublishScripts\Publish-WebApplicationWebsite.ps1 = PublishScripts\Publish-WebApplicationWebsite.ps1
	EndProjectSection
EndProject
Project("{2150E333-8FDC-42A3-9474-1A3956D46DE8}") = "Configurations", "Configurations", "{15D5EFAF-2249-4EC2-B179-CD77CEE505DE}"
	ProjectSection(SolutionItems) = preProject
		PublishScripts\Configurations\OfflineFormer-WAWS-dev.json = PublishScripts\Configurations\OfflineFormer-WAWS-dev.json
	EndProjectSection
EndProject
Global
	GlobalSection(SolutionConfigurationPlatforms) = preSolution
		Debug|Any CPU = Debug|Any CPU
		Release|Any CPU = Release|Any CPU
	EndGlobalSection
	GlobalSection(ProjectConfigurationPlatforms) = postSolution
		{6EE5B23B-930B-4EBA-90C0-7902ABD33A8D}.Debug|Any CPU.ActiveCfg = Debug|Any CPU
		{6EE5B23B-930B-4EBA-90C0-7902ABD33A8D}.Debug|Any CPU.Build.0 = Debug|Any CPU
		{6EE5B23B-930B-4EBA-90C0-7902ABD33A8D}.Release|Any CPU.ActiveCfg = Release|Any CPU
		{6EE5B23B-930B-4EBA-90C0-7902ABD33A8D}.Release|Any CPU.Build.0 = Release|Any CPU
	EndGlobalSection
	GlobalSection(SolutionProperties) = preSolution
		HideSolutionNode = FALSE
	EndGlobalSection
	GlobalSection(NestedProjects) = preSolution
		{15D5EFAF-2249-4EC2-B179-CD77CEE505DE} = {1EF02072-8CEA-46AC-AF2B-D5CCFE5BC5E9}
	EndGlobalSection
EndGlobal
